
Microsoft Visual Studio Solution File, Format Version 12.00
# Visual Studio Version 17
VisualStudioVersion = 17.14.36221.1 d17.14
MinimumVisualStudioVersion = 10.0.40219.1
Project("{FAE04EC0-301F-11D3-BF4B-00C04F79EFBC}") = "FawryRiseUpTask2", "FawryRiseUpTask2.csproj", "{C901A9F9-C48F-4424-A771-1E1BB43FE33B}"
EndProject
Global
	GlobalSection(SolutionConfigurationPlatforms) = preSolution
		Debug|Any CPU = Debug|Any CPU
		Release|Any CPU = Release|Any CPU
	EndGlobalSection
	GlobalSection(ProjectConfigurationPlatforms) = postSolution
		{C901A9F9-C48F-4424-A771-1E1BB43FE33B}.Debug|Any CPU.ActiveCfg = Debug|Any CPU
		{C901A9F9-C48F-4424-A771-1E1BB43FE33B}.Debug|Any CPU.Build.0 = Debug|Any CPU
		{C901A9F9-C48F-4424-A771-1E1BB43FE33B}.Release|Any CPU.ActiveCfg = Release|Any CPU
		{C901A9F9-C48F-4424-A771-1E1BB43FE33B}.Release|Any CPU.Build.0 = Release|Any CPU
	EndGlobalSection
	GlobalSection(SolutionProperties) = preSolution
		HideSolutionNode = FALSE
	EndGlobalSection
	GlobalSection(ExtensibilityGlobals) = postSolution
		SolutionGuid = {3B92616D-494E-4D8E-9928-8E7E5173FFD1}
	EndGlobalSection
EndGlobal
